// !$*UTF8*$!
{
	archiveVersion = 1;
	classes = {
	};
	objectVersion = 46;
	objects = {

/* Begin PBXBuildFile section */
		683002791EBAC1EE00413998 /* runview.cpp in Sources */ = {isa = PBXBuildFile; fileRef = 683002771EBAC1EE00413998 /* runview.cpp */; };
		6830027A1EBAC37000413998 /* runview.h in Sources */ = {isa = PBXBuildFile; fileRef = 683002781EBAC1EE00413998 /* runview.h */; };
		686ECB691EB669CF00D7C26E /* QtXml.framework in Frameworks */ = {isa = PBXBuildFile; fileRef = 686ECB681EB669CF00D7C26E /* QtXml.framework */; };
		686ECB6B1EB9DAF900D7C26E /* mainframe.qrc in Resources */ = {isa = PBXBuildFile; fileRef = 686ECB6A1EB9DAF900D7C26E /* mainframe.qrc */; };
		686ECB6C1EB9DB4B00D7C26E /* mainframe.qrc in Sources */ = {isa = PBXBuildFile; fileRef = 686ECB6A1EB9DAF900D7C26E /* mainframe.qrc */; };
		68C642161EB58B95001E7FF0 /* main.cpp in Sources */ = {isa = PBXBuildFile; fileRef = 68C642151EB58B95001E7FF0 /* main.cpp */; };
		68C642181EB58C6F001E7FF0 /* core in Resources */ = {isa = PBXBuildFile; fileRef = 68C642171EB58C6F001E7FF0 /* core */; };
		68C6421B1EB58CFA001E7FF0 /* mainwindow.cpp in Sources */ = {isa = PBXBuildFile; fileRef = 68C642191EB58CFA001E7FF0 /* mainwindow.cpp */; };
		68C642201EB58F8C001E7FF0 /* QtCore.framework in Frameworks */ = {isa = PBXBuildFile; fileRef = 68C6421D1EB58F8B001E7FF0 /* QtCore.framework */; };
		68C642211EB58F8C001E7FF0 /* QtGui.framework in Frameworks */ = {isa = PBXBuildFile; fileRef = 68C6421E1EB58F8B001E7FF0 /* QtGui.framework */; };
		68C642221EB58F8C001E7FF0 /* QtWidgets.framework in Frameworks */ = {isa = PBXBuildFile; fileRef = 68C6421F1EB58F8C001E7FF0 /* QtWidgets.framework */; };
		68C642251EB59217001E7FF0 /* mainwindow.h in Sources */ = {isa = PBXBuildFile; fileRef = 68C6421A1EB58CFA001E7FF0 /* mainwindow.h */; };
		68C642281EB59A0A001E7FF0 /* inspector.cpp in Sources */ = {isa = PBXBuildFile; fileRef = 68C642261EB59A0A001E7FF0 /* inspector.cpp */; };
		68C642291EB59E50001E7FF0 /* inspector.h in Sources */ = {isa = PBXBuildFile; fileRef = 68C642271EB59A0A001E7FF0 /* inspector.h */; };
/* End PBXBuildFile section */

/* Begin PBXBuildRule section */
		68C642231EB591B4001E7FF0 /* PBXBuildRule */ = {
			isa = PBXBuildRule;
			compilerSpec = com.apple.compilers.proxy.script;
			filePatterns = "*.h";
			fileType = pattern.proxy;
			isEditable = 1;
			name = MOC;
			outputFiles = (
				"$(DERIVED_FILE_DIR)/moc_${INPUT_FILE_BASE}.cpp",
			);
			script = "/opt/Qt/Current/clang_64/bin/moc -o ${DERIVED_FILE_DIR}/moc_${INPUT_FILE_BASE}.cpp ${INPUT_FILE_PATH}";
		};
		68C642241EB591D7001E7FF0 /* PBXBuildRule */ = {
			isa = PBXBuildRule;
			compilerSpec = com.apple.compilers.proxy.script;
			filePatterns = "*.qrc";
			fileType = pattern.proxy;
			isEditable = 1;
			name = RCC;
			outputFiles = (
				"$(DERIVED_FILE_DIR)/qrc_${INPUT_FILE_BASE}.cpp",
			);
			script = "/opt/Qt/Current/clang_64/bin/rcc -o ${DERIVED_FILE_DIR}/qrc_${INPUT_FILE_BASE}.cpp ${INPUT_FILE_PATH}";
		};
/* End PBXBuildRule section */

/* Begin PBXFileReference section */
		682211D31EB58A3E0028DCA5 /* PyAircraft.app */ = {isa = PBXFileReference; explicitFileType = wrapper.application; includeInIndex = 0; path = PyAircraft.app; sourceTree = BUILT_PRODUCTS_DIR; };
		682211DF1EB58A3E0028DCA5 /* Info.plist */ = {isa = PBXFileReference; lastKnownFileType = text.plist.xml; path = Info.plist; sourceTree = "<group>"; };
		683002771EBAC1EE00413998 /* runview.cpp */ = {isa = PBXFileReference; fileEncoding = 4; lastKnownFileType = sourcecode.cpp.cpp; path = runview.cpp; sourceTree = "<group>"; };
		683002781EBAC1EE00413998 /* runview.h */ = {isa = PBXFileReference; fileEncoding = 4; lastKnownFileType = sourcecode.c.h; path = runview.h; sourceTree = "<group>"; };
		686ECB681EB669CF00D7C26E /* QtXml.framework */ = {isa = PBXFileReference; lastKnownFileType = wrapper.framework; name = QtXml.framework; path = ../../../../../opt/Qt/5.8/clang_64/lib/QtXml.framework; sourceTree = "<group>"; };
		686ECB6A1EB9DAF900D7C26E /* mainframe.qrc */ = {isa = PBXFileReference; fileEncoding = 4; lastKnownFileType = text; path = mainframe.qrc; sourceTree = "<group>"; };
		68C642151EB58B95001E7FF0 /* main.cpp */ = {isa = PBXFileReference; fileEncoding = 4; lastKnownFileType = sourcecode.cpp.cpp; path = main.cpp; sourceTree = "<group>"; };
		68C642171EB58C6F001E7FF0 /* core */ = {isa = PBXFileReference; lastKnownFileType = folder; name = core; path = ../core; sourceTree = "<group>"; };
		68C642191EB58CFA001E7FF0 /* mainwindow.cpp */ = {isa = PBXFileReference; fileEncoding = 4; lastKnownFileType = sourcecode.cpp.cpp; path = mainwindow.cpp; sourceTree = "<group>"; };
		68C6421A1EB58CFA001E7FF0 /* mainwindow.h */ = {isa = PBXFileReference; fileEncoding = 4; lastKnownFileType = sourcecode.c.h; path = mainwindow.h; sourceTree = "<group>"; };
		68C6421D1EB58F8B001E7FF0 /* QtCore.framework */ = {isa = PBXFileReference; lastKnownFileType = wrapper.framework; name = QtCore.framework; path = ../../../../../opt/Qt/5.8/clang_64/lib/QtCore.framework; sourceTree = "<group>"; };
		68C6421E1EB58F8B001E7FF0 /* QtGui.framework */ = {isa = PBXFileReference; lastKnownFileType = wrapper.framework; name = QtGui.framework; path = ../../../../../opt/Qt/5.8/clang_64/lib/QtGui.framework; sourceTree = "<group>"; };
		68C6421F1EB58F8C001E7FF0 /* QtWidgets.framework */ = {isa = PBXFileReference; lastKnownFileType = wrapper.framework; name = QtWidgets.framework; path = ../../../../../opt/Qt/5.8/clang_64/lib/QtWidgets.framework; sourceTree = "<group>"; };
		68C642261EB59A0A001E7FF0 /* inspector.cpp */ = {isa = PBXFileReference; fileEncoding = 4; lastKnownFileType = sourcecode.cpp.cpp; path = inspector.cpp; sourceTree = "<group>"; };
		68C642271EB59A0A001E7FF0 /* inspector.h */ = {isa = PBXFileReference; fileEncoding = 4; lastKnownFileType = sourcecode.c.h; path = inspector.h; sourceTree = "<group>"; };
/* End PBXFileReference section */

/* Begin PBXFrameworksBuildPhase section */
		682211D01EB58A3E0028DCA5 /* Frameworks */ = {
			isa = PBXFrameworksBuildPhase;
			buildActionMask = 2147483647;
			files = (
				686ECB691EB669CF00D7C26E /* QtXml.framework in Frameworks */,
				68C642201EB58F8C001E7FF0 /* QtCore.framework in Frameworks */,
				68C642211EB58F8C001E7FF0 /* QtGui.framework in Frameworks */,
				68C642221EB58F8C001E7FF0 /* QtWidgets.framework in Frameworks */,
			);
			runOnlyForDeploymentPostprocessing = 0;
		};
/* End PBXFrameworksBuildPhase section */

/* Begin PBXGroup section */
		682211CA1EB58A3E0028DCA5 = {
			isa = PBXGroup;
			children = (
				68C642171EB58C6F001E7FF0 /* core */,
				682211D51EB58A3E0028DCA5 /* Sources */,
				682211D41EB58A3E0028DCA5 /* Products */,
				68C6421C1EB58F8B001E7FF0 /* Frameworks */,
			);
			sourceTree = "<group>";
		};
		682211D41EB58A3E0028DCA5 /* Products */ = {
			isa = PBXGroup;
			children = (
				682211D31EB58A3E0028DCA5 /* PyAircraft.app */,
			);
			name = Products;
			sourceTree = "<group>";
		};
		682211D51EB58A3E0028DCA5 /* Sources */ = {
			isa = PBXGroup;
			children = (
				686ECB6A1EB9DAF900D7C26E /* mainframe.qrc */,
				682211DF1EB58A3E0028DCA5 /* Info.plist */,
				68C642151EB58B95001E7FF0 /* main.cpp */,
				68C642191EB58CFA001E7FF0 /* mainwindow.cpp */,
				68C6421A1EB58CFA001E7FF0 /* mainwindow.h */,
				68C642261EB59A0A001E7FF0 /* inspector.cpp */,
				68C642271EB59A0A001E7FF0 /* inspector.h */,
				683002771EBAC1EE00413998 /* runview.cpp */,
				683002781EBAC1EE00413998 /* runview.h */,
			);
			name = Sources;
			path = PyAircraft;
			sourceTree = "<group>";
		};
		68C6421C1EB58F8B001E7FF0 /* Frameworks */ = {
			isa = PBXGroup;
			children = (
				686ECB681EB669CF00D7C26E /* QtXml.framework */,
				68C6421D1EB58F8B001E7FF0 /* QtCore.framework */,
				68C6421E1EB58F8B001E7FF0 /* QtGui.framework */,
				68C6421F1EB58F8C001E7FF0 /* QtWidgets.framework */,
			);
			name = Frameworks;
			sourceTree = "<group>";
		};
/* End PBXGroup section */

/* Begin PBXNativeTarget section */
		682211D21EB58A3E0028DCA5 /* PyAircraft */ = {
			isa = PBXNativeTarget;
			buildConfigurationList = 682211E21EB58A3E0028DCA5 /* Build configuration list for PBXNativeTarget "PyAircraft" */;
			buildPhases = (
				682211CF1EB58A3E0028DCA5 /* Sources */,
				682211D01EB58A3E0028DCA5 /* Frameworks */,
				682211D11EB58A3E0028DCA5 /* Resources */,
			);
			buildRules = (
				68C642241EB591D7001E7FF0 /* PBXBuildRule */,
				68C642231EB591B4001E7FF0 /* PBXBuildRule */,
			);
			dependencies = (
			);
			name = PyAircraft;
			productName = PyAircraft;
			productReference = 682211D31EB58A3E0028DCA5 /* PyAircraft.app */;
			productType = "com.apple.product-type.application";
		};
/* End PBXNativeTarget section */

/* Begin PBXProject section */
		682211CB1EB58A3E0028DCA5 /* Project object */ = {
			isa = PBXProject;
			attributes = {
				LastSwiftUpdateCheck = 0830;
				LastUpgradeCheck = 0830;
				ORGANIZATIONNAME = "田中伟";
				TargetAttributes = {
					682211D21EB58A3E0028DCA5 = {
						CreatedOnToolsVersion = 8.3.2;
						DevelopmentTeam = 8TA8A4UHA7;
						ProvisioningStyle = Automatic;
					};
				};
			};
			buildConfigurationList = 682211CE1EB58A3E0028DCA5 /* Build configuration list for PBXProject "PyAircraft" */;
			compatibilityVersion = "Xcode 3.2";
			developmentRegion = English;
			hasScannedForEncodings = 0;
			knownRegions = (
				en,
				Base,
			);
			mainGroup = 682211CA1EB58A3E0028DCA5;
			productRefGroup = 682211D41EB58A3E0028DCA5 /* Products */;
			projectDirPath = "";
			projectRoot = "";
			targets = (
				682211D21EB58A3E0028DCA5 /* PyAircraft */,
			);
		};
/* End PBXProject section */

/* Begin PBXResourcesBuildPhase section */
		682211D11EB58A3E0028DCA5 /* Resources */ = {
			isa = PBXResourcesBuildPhase;
			buildActionMask = 2147483647;
			files = (
				68C642181EB58C6F001E7FF0 /* core in Resources */,
				686ECB6B1EB9DAF900D7C26E /* mainframe.qrc in Resources */,
			);
			runOnlyForDeploymentPostprocessing = 0;
		};
/* End PBXResourcesBuildPhase section */

/* Begin PBXSourcesBuildPhase section */
		682211CF1EB58A3E0028DCA5 /* Sources */ = {
			isa = PBXSourcesBuildPhase;
			buildActionMask = 2147483647;
			files = (
				686ECB6C1EB9DB4B00D7C26E /* mainframe.qrc in Sources */,
				6830027A1EBAC37000413998 /* runview.h in Sources */,
				68C642291EB59E50001E7FF0 /* inspector.h in Sources */,
				68C642281EB59A0A001E7FF0 /* inspector.cpp in Sources */,
				68C642251EB59217001E7FF0 /* mainwindow.h in Sources */,
				68C6421B1EB58CFA001E7FF0 /* mainwindow.cpp in Sources */,
				68C642161EB58B95001E7FF0 /* main.cpp in Sources */,
				683002791EBAC1EE00413998 /* runview.cpp in Sources */,
			);
			runOnlyForDeploymentPostprocessing = 0;
		};
/* End PBXSourcesBuildPhase section */

/* Begin XCBuildConfiguration section */
		682211E01EB58A3E0028DCA5 /* Debug */ = {
			isa = XCBuildConfiguration;
			buildSettings = {
				ALWAYS_SEARCH_USER_PATHS = NO;
				CLANG_ANALYZER_NONNULL = YES;
				CLANG_ANALYZER_NUMBER_OBJECT_CONVERSION = YES_AGGRESSIVE;
				CLANG_CXX_LANGUAGE_STANDARD = "gnu++0x";
				CLANG_CXX_LIBRARY = "libc++";
				CLANG_ENABLE_MODULES = YES;
				CLANG_ENABLE_OBJC_ARC = YES;
				CLANG_WARN_BOOL_CONVERSION = YES;
				CLANG_WARN_CONSTANT_CONVERSION = YES;
				CLANG_WARN_DIRECT_OBJC_ISA_USAGE = YES_ERROR;
				CLANG_WARN_DOCUMENTATION_COMMENTS = YES;
				CLANG_WARN_EMPTY_BODY = YES;
				CLANG_WARN_ENUM_CONVERSION = YES;
				CLANG_WARN_INFINITE_RECURSION = YES;
				CLANG_WARN_INT_CONVERSION = YES;
				CLANG_WARN_OBJC_ROOT_CLASS = YES_ERROR;
				CLANG_WARN_SUSPICIOUS_MOVE = YES;
				CLANG_WARN_UNREACHABLE_CODE = YES;
				CLANG_WARN__DUPLICATE_METHOD_MATCH = YES;
				CODE_SIGN_IDENTITY = "-";
				COPY_PHASE_STRIP = NO;
				DEBUG_INFORMATION_FORMAT = dwarf;
				ENABLE_STRICT_OBJC_MSGSEND = YES;
				ENABLE_TESTABILITY = YES;
				GCC_C_LANGUAGE_STANDARD = gnu99;
				GCC_DYNAMIC_NO_PIC = NO;
				GCC_NO_COMMON_BLOCKS = YES;
				GCC_OPTIMIZATION_LEVEL = 0;
				GCC_PREPROCESSOR_DEFINITIONS = (
					"DEBUG=1",
					"$(inherited)",
				);
				GCC_WARN_64_TO_32_BIT_CONVERSION = YES;
				GCC_WARN_ABOUT_RETURN_TYPE = YES_ERROR;
				GCC_WARN_UNDECLARED_SELECTOR = YES;
				GCC_WARN_UNINITIALIZED_AUTOS = YES_AGGRESSIVE;
				GCC_WARN_UNUSED_FUNCTION = YES;
				GCC_WARN_UNUSED_VARIABLE = YES;
				MACOSX_DEPLOYMENT_TARGET = 10.12;
				MTL_ENABLE_DEBUG_INFO = YES;
				ONLY_ACTIVE_ARCH = YES;
				SDKROOT = macosx;
				SWIFT_ACTIVE_COMPILATION_CONDITIONS = DEBUG;
				SWIFT_OPTIMIZATION_LEVEL = "-Onone";
			};
			name = Debug;
		};
		682211E11EB58A3E0028DCA5 /* Release */ = {
			isa = XCBuildConfiguration;
			buildSettings = {
				ALWAYS_SEARCH_USER_PATHS = NO;
				CLANG_ANALYZER_NONNULL = YES;
				CLANG_ANALYZER_NUMBER_OBJECT_CONVERSION = YES_AGGRESSIVE;
				CLANG_CXX_LANGUAGE_STANDARD = "gnu++0x";
				CLANG_CXX_LIBRARY = "libc++";
				CLANG_ENABLE_MODULES = YES;
				CLANG_ENABLE_OBJC_ARC = YES;
				CLANG_WARN_BOOL_CONVERSION = YES;
				CLANG_WARN_CONSTANT_CONVERSION = YES;
				CLANG_WARN_DIRECT_OBJC_ISA_USAGE = YES_ERROR;
				CLANG_WARN_DOCUMENTATION_COMMENTS = YES;
				CLANG_WARN_EMPTY_BODY = YES;
				CLANG_WARN_ENUM_CONVERSION = YES;
				CLANG_WARN_INFINITE_RECURSION = YES;
				CLANG_WARN_INT_CONVERSION = YES;
				CLANG_WARN_OBJC_ROOT_CLASS = YES_ERROR;
				CLANG_WARN_SUSPICIOUS_MOVE = YES;
				CLANG_WARN_UNREACHABLE_CODE = YES;
				CLANG_WARN__DUPLICATE_METHOD_MATCH = YES;
				CODE_SIGN_IDENTITY = "-";
				COPY_PHASE_STRIP = NO;
				DEBUG_INFORMATION_FORMAT = "dwarf-with-dsym";
				ENABLE_NS_ASSERTIONS = NO;
				ENABLE_STRICT_OBJC_MSGSEND = YES;
				GCC_C_LANGUAGE_STANDARD = gnu99;
				GCC_NO_COMMON_BLOCKS = YES;
				GCC_WARN_64_TO_32_BIT_CONVERSION = YES;
				GCC_WARN_ABOUT_RETURN_TYPE = YES_ERROR;
				GCC_WARN_UNDECLARED_SELECTOR = YES;
				GCC_WARN_UNINITIALIZED_AUTOS = YES_AGGRESSIVE;
				GCC_WARN_UNUSED_FUNCTION = YES;
				GCC_WARN_UNUSED_VARIABLE = YES;
				MACOSX_DEPLOYMENT_TARGET = 10.12;
				MTL_ENABLE_DEBUG_INFO = NO;
				SDKROOT = macosx;
				SWIFT_OPTIMIZATION_LEVEL = "-Owholemodule";
			};
			name = Release;
		};
		682211E31EB58A3E0028DCA5 /* Debug */ = {
			isa = XCBuildConfiguration;
			buildSettings = {
				ALWAYS_SEARCH_USER_PATHS = YES;
				COMBINE_HIDPI_IMAGES = YES;
				DEVELOPMENT_TEAM = 8TA8A4UHA7;
				FRAMEWORK_SEARCH_PATHS = (
					"$(inherited)",
					/opt/Qt/5.8/clang_64/lib,
				);
				INFOPLIST_FILE = PyAircraft/Info.plist;
				LD_RUNPATH_SEARCH_PATHS = "$(inherited) @executable_path/../Frameworks /opt/Qt/Current/clang_64/lib";
				PRODUCT_BUNDLE_IDENTIFIER = tzw.PyAircraft;
				PRODUCT_NAME = "$(TARGET_NAME)";
				SWIFT_VERSION = 3.0;
				USER_HEADER_SEARCH_PATHS = "/opt/Qt/Current/clang_64/lib/QtCore.framework/Headers /opt/Qt/Current/clang_64/lib/QtWidgets.framework/Headers /opt/Qt/Current/clang_64/lib/QtGui.framework/Headers /opt/Qt/Current/clang_64/lib/QtXml.framework/Headers";
			};
			name = Debug;
		};
		682211E41EB58A3E0028DCA5 /* Release */ = {
			isa = XCBuildConfiguration;
			buildSettings = {
				ALWAYS_SEARCH_USER_PATHS = YES;
				COMBINE_HIDPI_IMAGES = YES;
				DEVELOPMENT_TEAM = 8TA8A4UHA7;
				FRAMEWORK_SEARCH_PATHS = (
					"$(inherited)",
					/opt/Qt/5.8/clang_64/lib,
				);
				INFOPLIST_FILE = PyAircraft/Info.plist;
				LD_RUNPATH_SEARCH_PATHS = "$(inherited) @executable_path/../Frameworks /opt/Qt/Current/clang_64/lib";
				PRODUCT_BUNDLE_IDENTIFIER = tzw.PyAircraft;
				PRODUCT_NAME = "$(TARGET_NAME)";
				SWIFT_VERSION = 3.0;
				USER_HEADER_SEARCH_PATHS = "/opt/Qt/Current/clang_64/lib/QtCore.framework/Headers /opt/Qt/Current/clang_64/lib/QtWidgets.framework/Headers /opt/Qt/Current/clang_64/lib/QtGui.framework/Headers /opt/Qt/Current/clang_64/lib/QtXml.framework/Headers";
			};
			name = Release;
		};
/* End XCBuildConfiguration section */

/* Begin XCConfigurationList section */
		682211CE1EB58A3E0028DCA5 /* Build configuration list for PBXProject "PyAircraft" */ = {
			isa = XCConfigurationList;
			buildConfigurations = (
				682211E01EB58A3E0028DCA5 /* Debug */,
				682211E11EB58A3E0028DCA5 /* Release */,
			);
			defaultConfigurationIsVisible = 0;
			defaultConfigurationName = Release;
		};
		682211E21EB58A3E0028DCA5 /* Build configuration list for PBXNativeTarget "PyAircraft" */ = {
			isa = XCConfigurationList;
			buildConfigurations = (
				682211E31EB58A3E0028DCA5 /* Debug */,
				682211E41EB58A3E0028DCA5 /* Release */,
			);
			defaultConfigurationIsVisible = 0;
			defaultConfigurationName = Release;
		};
/* End XCConfigurationList section */
	};
	rootObject = 682211CB1EB58A3E0028DCA5 /* Project object */;
}
